
Microsoft Visual Studio Solution File, Format Version 12.00
# Visual Studio Version 17
VisualStudioVersion = 17.6.33815.320
MinimumVisualStudioVersion = 10.0.40219.1
Project("{9A19103F-16F7-4668-BE54-9A1E7A4F7556}") = "DataScraper", "DataScraper.csproj", "{6B0FD318-14FA-4F75-967F-4402115A936A}"
EndProject
Global
	GlobalSection(SolutionConfigurationPlatforms) = preSolution
		Debug|Any CPU = Debug|Any CPU
		Release|Any CPU = Release|Any CPU
	EndGlobalSection
	GlobalSection(ProjectConfigurationPlatforms) = postSolution
		{6B0FD318-14FA-4F75-967F-4402115A936A}.Debug|Any CPU.ActiveCfg = Debug|Any CPU
		{6B0FD318-14FA-4F75-967F-4402115A936A}.Debug|Any CPU.Build.0 = Debug|Any CPU
		{6B0FD318-14FA-4F75-967F-4402115A936A}.Release|Any CPU.ActiveCfg = Release|Any CPU
		{6B0FD318-14FA-4F75-967F-4402115A936A}.Release|Any CPU.Build.0 = Release|Any CPU
	EndGlobalSection
	GlobalSection(SolutionProperties) = preSolution
		HideSolutionNode = FALSE
	EndGlobalSection
	GlobalSection(ExtensibilityGlobals) = postSolution
		SolutionGuid = {AD9D872C-0BB8-40ED-92B7-9D3D58BF39EC}
	EndGlobalSection
EndGlobal
